
Microsoft Visual Studio Solution File, Format Version 12.00
# Visual Studio Version 17
VisualStudioVersion = 17.14.36915.13 d17.14
MinimumVisualStudioVersion = 10.0.40219.1
Project("{FAE04EC0-301F-11D3-BF4B-00C04F79EFBC}") = "OrgSphere", "OrgSphere\OrgSphere.csproj", "{DCDC48F6-243C-4385-8E20-3B0FC582158F}"
EndProject
Global
	GlobalSection(SolutionConfigurationPlatforms) = preSolution
		Debug|Any CPU = Debug|Any CPU
		Release|Any CPU = Release|Any CPU
	EndGlobalSection
	GlobalSection(ProjectConfigurationPlatforms) = postSolution
		{DCDC48F6-243C-4385-8E20-3B0FC582158F}.Debug|Any CPU.ActiveCfg = Debug|Any CPU
		{DCDC48F6-243C-4385-8E20-3B0FC582158F}.Debug|Any CPU.Build.0 = Debug|Any CPU
		{DCDC48F6-243C-4385-8E20-3B0FC582158F}.Release|Any CPU.ActiveCfg = Release|Any CPU
		{DCDC48F6-243C-4385-8E20-3B0FC582158F}.Release|Any CPU.Build.0 = Release|Any CPU
	EndGlobalSection
	GlobalSection(SolutionProperties) = preSolution
		HideSolutionNode = FALSE
	EndGlobalSection
	GlobalSection(ExtensibilityGlobals) = postSolution
		SolutionGuid = {19EB51B8-2734-4AC4-B8BA-FCF9B0D2F120}
	EndGlobalSection
EndGlobal
